
Microsoft Visual Studio Solution File, Format Version 12.00
# Visual Studio Version 17
VisualStudioVersion = 17.9.34728.123
MinimumVisualStudioVersion = 10.0.40219.1
Project("{9A19103F-16F7-4668-BE54-9A1E7A4F7556}") = "CarShareBlazor", "CarShareBlazor\CarShareBlazor.csproj", "{2F82BE68-92A2-4E95-92E4-B33365504E5A}"
EndProject
Project("{FAE04EC0-301F-11D3-BF4B-00C04F79EFBC}") = "CarShareBlazor.Tests", "CarShareBlazor.Tests\CarShareBlazor.Tests.csproj", "{6459775C-B272-4DBB-87C7-ACEEC81ECE33}"
EndProject
Global
	GlobalSection(SolutionConfigurationPlatforms) = preSolution
		Debug|Any CPU = Debug|Any CPU
		Release|Any CPU = Release|Any CPU
	EndGlobalSection
	GlobalSection(ProjectConfigurationPlatforms) = postSolution
		{2F82BE68-92A2-4E95-92E4-B33365504E5A}.Debug|Any CPU.ActiveCfg = Debug|Any CPU
		{2F82BE68-92A2-4E95-92E4-B33365504E5A}.Debug|Any CPU.Build.0 = Debug|Any CPU
		{2F82BE68-92A2-4E95-92E4-B33365504E5A}.Release|Any CPU.ActiveCfg = Release|Any CPU
		{2F82BE68-92A2-4E95-92E4-B33365504E5A}.Release|Any CPU.Build.0 = Release|Any CPU
		{6459775C-B272-4DBB-87C7-ACEEC81ECE33}.Debug|Any CPU.ActiveCfg = Debug|Any CPU
		{6459775C-B272-4DBB-87C7-ACEEC81ECE33}.Debug|Any CPU.Build.0 = Debug|Any CPU
		{6459775C-B272-4DBB-87C7-ACEEC81ECE33}.Release|Any CPU.ActiveCfg = Release|Any CPU
		{6459775C-B272-4DBB-87C7-ACEEC81ECE33}.Release|Any CPU.Build.0 = Release|Any CPU
	EndGlobalSection
	GlobalSection(SolutionProperties) = preSolution
		HideSolutionNode = FALSE
	EndGlobalSection
	GlobalSection(ExtensibilityGlobals) = postSolution
		SolutionGuid = {848B5D31-B8B3-43A6-A813-A6499154C58D}
	EndGlobalSection
EndGlobal
